// !$*UTF8*$!
{
	archiveVersion = 1;
	classes = {
	};
	objectVersion = 55;
	objects = {

/* Begin PBXBuildFile section */
		AC05D68A2746CBC600E66E3A /* BonfireApp.swift in Sources */ = {isa = PBXBuildFile; fileRef = AC05D6892746CBC600E66E3A /* BonfireApp.swift */; };
		AC05D68C2746CBC600E66E3A /* ContentView.swift in Sources */ = {isa = PBXBuildFile; fileRef = AC05D68B2746CBC600E66E3A /* ContentView.swift */; };
		AC05D68E2746CBC800E66E3A /* Assets.xcassets in Resources */ = {isa = PBXBuildFile; fileRef = AC05D68D2746CBC800E66E3A /* Assets.xcassets */; };
		AC05D6912746CBC800E66E3A /* Preview Assets.xcassets in Resources */ = {isa = PBXBuildFile; fileRef = AC05D6902746CBC800E66E3A /* Preview Assets.xcassets */; };
		AC2494D92750A7A7003A04DB /* CategoryRow.swift in Sources */ = {isa = PBXBuildFile; fileRef = AC2494D82750A7A7003A04DB /* CategoryRow.swift */; };
		AC2494DB2750ADA0003A04DB /* Featured.swift in Sources */ = {isa = PBXBuildFile; fileRef = AC2494DA2750ADA0003A04DB /* Featured.swift */; };
		AC2494DD2750B2A2003A04DB /* CategoryItem.swift in Sources */ = {isa = PBXBuildFile; fileRef = AC2494DC2750B2A2003A04DB /* CategoryItem.swift */; };
		AC472A382746E1CB00BBFA86 /* CircleImage.swift in Sources */ = {isa = PBXBuildFile; fileRef = AC472A372746E1CB00BBFA86 /* CircleImage.swift */; };
		AC472A3A2746E6BF00BBFA86 /* LoginScreen.swift in Sources */ = {isa = PBXBuildFile; fileRef = AC472A392746E6BF00BBFA86 /* LoginScreen.swift */; };
		AC63B1882748413A003C79D4 /* DestinationScreen.swift in Sources */ = {isa = PBXBuildFile; fileRef = AC63B1872748413A003C79D4 /* DestinationScreen.swift */; };
		AC63B18A27484684003C79D4 /* DestinationDetailsScreen.swift in Sources */ = {isa = PBXBuildFile; fileRef = AC63B18927484684003C79D4 /* DestinationDetailsScreen.swift */; };
		AC8502A2274B730400992A59 /* StatusBarController.swift in Sources */ = {isa = PBXBuildFile; fileRef = AC8502A1274B730400992A59 /* StatusBarController.swift */; };
		ACB2DDAD2748F58400CEE895 /* SplashScreen.swift in Sources */ = {isa = PBXBuildFile; fileRef = ACB2DDAC2748F58400CEE895 /* SplashScreen.swift */; };
		ACB2DDB22748F6CA00CEE895 /* Home.swift in Sources */ = {isa = PBXBuildFile; fileRef = ACB2DDB12748F6CA00CEE895 /* Home.swift */; };
		ACB2DDB42748F74000CEE895 /* TripsAndBookings.swift in Sources */ = {isa = PBXBuildFile; fileRef = ACB2DDB32748F74000CEE895 /* TripsAndBookings.swift */; };
		ACB2DDB62748F7A000CEE895 /* Inbox.swift in Sources */ = {isa = PBXBuildFile; fileRef = ACB2DDB52748F7A000CEE895 /* Inbox.swift */; };
		ACB2DDB82748F7ED00CEE895 /* AuthScreen.swift in Sources */ = {isa = PBXBuildFile; fileRef = ACB2DDB72748F7ED00CEE895 /* AuthScreen.swift */; };
		ACB2DDBB2748F97900CEE895 /* CardView.swift in Sources */ = {isa = PBXBuildFile; fileRef = ACB2DDBA2748F97900CEE895 /* CardView.swift */; };
		ACB2DDBE2749003100CEE895 /* BackgroundView.swift in Sources */ = {isa = PBXBuildFile; fileRef = ACB2DDBD2749003100CEE895 /* BackgroundView.swift */; };
		ACB65AE12751095B0073C778 /* SearchBar.swift in Sources */ = {isa = PBXBuildFile; fileRef = ACB65AE02751095B0073C778 /* SearchBar.swift */; };
		ACD3628C274B8F810067E212 /* ProfileScreen.swift in Sources */ = {isa = PBXBuildFile; fileRef = ACD3628B274B8F810067E212 /* ProfileScreen.swift */; };
		ACD5A89B274BB137004742BF /* ChatView.swift in Sources */ = {isa = PBXBuildFile; fileRef = ACD5A89A274BB137004742BF /* ChatView.swift */; };
		ACE3EBE1274AE0CA00E68588 /* TopBar.swift in Sources */ = {isa = PBXBuildFile; fileRef = ACE3EBE0274AE0CA00E68588 /* TopBar.swift */; };
		ACE9279B27479DCD00BE06FD /* Launch Screen.storyboard in Resources */ = {isa = PBXBuildFile; fileRef = ACE9279A27479DCD00BE06FD /* Launch Screen.storyboard */; };
		ACE9279D2747A02A00BE06FD /* PrimaryButton.swift in Sources */ = {isa = PBXBuildFile; fileRef = ACE9279C2747A02A00BE06FD /* PrimaryButton.swift */; };
		ACE9279F2747A90300BE06FD /* SocialButton.swift in Sources */ = {isa = PBXBuildFile; fileRef = ACE9279E2747A90300BE06FD /* SocialButton.swift */; };
		ACE927A12747AFD500BE06FD /* MapView.swift in Sources */ = {isa = PBXBuildFile; fileRef = ACE927A02747AFD500BE06FD /* MapView.swift */; };
		ACE927A32747B05100BE06FD /* MapScreen.swift in Sources */ = {isa = PBXBuildFile; fileRef = ACE927A22747B05100BE06FD /* MapScreen.swift */; };
		ACEB077B274BC0DC001AEC0D /* BottomTabs.swift in Sources */ = {isa = PBXBuildFile; fileRef = ACEB077A274BC0DC001AEC0D /* BottomTabs.swift */; };
		ACEB0783274BCA1A001AEC0D /* ChatList.swift in Sources */ = {isa = PBXBuildFile; fileRef = ACEB0782274BCA1A001AEC0D /* ChatList.swift */; };
		ACEE8281274D14D5002D4587 /* StatusBar.swift in Sources */ = {isa = PBXBuildFile; fileRef = ACEE8280274D14D5002D4587 /* StatusBar.swift */; };
/* End PBXBuildFile section */

/* Begin PBXFileReference section */
		AC05D6862746CBC600E66E3A /* Bonfire.app */ = {isa = PBXFileReference; explicitFileType = wrapper.application; includeInIndex = 0; path = Bonfire.app; sourceTree = BUILT_PRODUCTS_DIR; };
		AC05D6892746CBC600E66E3A /* BonfireApp.swift */ = {isa = PBXFileReference; lastKnownFileType = sourcecode.swift; path = BonfireApp.swift; sourceTree = "<group>"; };
		AC05D68B2746CBC600E66E3A /* ContentView.swift */ = {isa = PBXFileReference; lastKnownFileType = sourcecode.swift; path = ContentView.swift; sourceTree = "<group>"; };
		AC05D68D2746CBC800E66E3A /* Assets.xcassets */ = {isa = PBXFileReference; lastKnownFileType = folder.assetcatalog; path = Assets.xcassets; sourceTree = "<group>"; };
		AC05D6902746CBC800E66E3A /* Preview Assets.xcassets */ = {isa = PBXFileReference; lastKnownFileType = folder.assetcatalog; path = "Preview Assets.xcassets"; sourceTree = "<group>"; };
		AC2494D82750A7A7003A04DB /* CategoryRow.swift */ = {isa = PBXFileReference; lastKnownFileType = sourcecode.swift; path = CategoryRow.swift; sourceTree = "<group>"; };
		AC2494DA2750ADA0003A04DB /* Featured.swift */ = {isa = PBXFileReference; lastKnownFileType = sourcecode.swift; path = Featured.swift; sourceTree = "<group>"; };
		AC2494DC2750B2A2003A04DB /* CategoryItem.swift */ = {isa = PBXFileReference; lastKnownFileType = sourcecode.swift; path = CategoryItem.swift; sourceTree = "<group>"; };
		AC472A372746E1CB00BBFA86 /* CircleImage.swift */ = {isa = PBXFileReference; lastKnownFileType = sourcecode.swift; path = CircleImage.swift; sourceTree = "<group>"; };
		AC472A392746E6BF00BBFA86 /* LoginScreen.swift */ = {isa = PBXFileReference; lastKnownFileType = sourcecode.swift; path = LoginScreen.swift; sourceTree = "<group>"; };
		AC63B1872748413A003C79D4 /* DestinationScreen.swift */ = {isa = PBXFileReference; lastKnownFileType = sourcecode.swift; path = DestinationScreen.swift; sourceTree = "<group>"; };
		AC63B18927484684003C79D4 /* DestinationDetailsScreen.swift */ = {isa = PBXFileReference; lastKnownFileType = sourcecode.swift; path = DestinationDetailsScreen.swift; sourceTree = "<group>"; };
		AC8502A1274B730400992A59 /* StatusBarController.swift */ = {isa = PBXFileReference; lastKnownFileType = sourcecode.swift; path = StatusBarController.swift; sourceTree = "<group>"; };
		ACB2DDAC2748F58400CEE895 /* SplashScreen.swift */ = {isa = PBXFileReference; lastKnownFileType = sourcecode.swift; path = SplashScreen.swift; sourceTree = "<group>"; };
		ACB2DDB12748F6CA00CEE895 /* Home.swift */ = {isa = PBXFileReference; lastKnownFileType = sourcecode.swift; path = Home.swift; sourceTree = "<group>"; };
		ACB2DDB32748F74000CEE895 /* TripsAndBookings.swift */ = {isa = PBXFileReference; lastKnownFileType = sourcecode.swift; path = TripsAndBookings.swift; sourceTree = "<group>"; };
		ACB2DDB52748F7A000CEE895 /* Inbox.swift */ = {isa = PBXFileReference; lastKnownFileType = sourcecode.swift; path = Inbox.swift; sourceTree = "<group>"; };
		ACB2DDB72748F7ED00CEE895 /* AuthScreen.swift */ = {isa = PBXFileReference; lastKnownFileType = sourcecode.swift; path = AuthScreen.swift; sourceTree = "<group>"; };
		ACB2DDBA2748F97900CEE895 /* CardView.swift */ = {isa = PBXFileReference; lastKnownFileType = sourcecode.swift; path = CardView.swift; sourceTree = "<group>"; };
		ACB2DDBD2749003100CEE895 /* BackgroundView.swift */ = {isa = PBXFileReference; lastKnownFileType = sourcecode.swift; path = BackgroundView.swift; sourceTree = "<group>"; };
		ACB65AE02751095B0073C778 /* SearchBar.swift */ = {isa = PBXFileReference; lastKnownFileType = sourcecode.swift; path = SearchBar.swift; sourceTree = "<group>"; };
		ACD3628B274B8F810067E212 /* ProfileScreen.swift */ = {isa = PBXFileReference; lastKnownFileType = sourcecode.swift; path = ProfileScreen.swift; sourceTree = "<group>"; };
		ACD5A89A274BB137004742BF /* ChatView.swift */ = {isa = PBXFileReference; lastKnownFileType = sourcecode.swift; path = ChatView.swift; sourceTree = "<group>"; };
		ACE3EBE0274AE0CA00E68588 /* TopBar.swift */ = {isa = PBXFileReference; lastKnownFileType = sourcecode.swift; path = TopBar.swift; sourceTree = "<group>"; };
		ACE9279A27479DCD00BE06FD /* Launch Screen.storyboard */ = {isa = PBXFileReference; lastKnownFileType = file.storyboard; path = "Launch Screen.storyboard"; sourceTree = "<group>"; };
		ACE9279C2747A02A00BE06FD /* PrimaryButton.swift */ = {isa = PBXFileReference; lastKnownFileType = sourcecode.swift; path = PrimaryButton.swift; sourceTree = "<group>"; };
		ACE9279E2747A90300BE06FD /* SocialButton.swift */ = {isa = PBXFileReference; lastKnownFileType = sourcecode.swift; path = SocialButton.swift; sourceTree = "<group>"; };
		ACE927A02747AFD500BE06FD /* MapView.swift */ = {isa = PBXFileReference; lastKnownFileType = sourcecode.swift; path = MapView.swift; sourceTree = "<group>"; };
		ACE927A22747B05100BE06FD /* MapScreen.swift */ = {isa = PBXFileReference; lastKnownFileType = sourcecode.swift; path = MapScreen.swift; sourceTree = "<group>"; };
		ACEB077A274BC0DC001AEC0D /* BottomTabs.swift */ = {isa = PBXFileReference; lastKnownFileType = sourcecode.swift; path = BottomTabs.swift; sourceTree = "<group>"; };
		ACEB0782274BCA1A001AEC0D /* ChatList.swift */ = {isa = PBXFileReference; lastKnownFileType = sourcecode.swift; path = ChatList.swift; sourceTree = "<group>"; };
		ACEE8280274D14D5002D4587 /* StatusBar.swift */ = {isa = PBXFileReference; lastKnownFileType = sourcecode.swift; path = StatusBar.swift; sourceTree = "<group>"; };
/* End PBXFileReference section */

/* Begin PBXFrameworksBuildPhase section */
		AC05D6832746CBC600E66E3A /* Frameworks */ = {
			isa = PBXFrameworksBuildPhase;
			buildActionMask = 2147483647;
			files = (
			);
			runOnlyForDeploymentPostprocessing = 0;
		};
/* End PBXFrameworksBuildPhase section */

/* Begin PBXGroup section */
		AC05D67D2746CBC600E66E3A = {
			isa = PBXGroup;
			children = (
				AC05D6882746CBC600E66E3A /* Bonfire */,
				AC05D6872746CBC600E66E3A /* Products */,
			);
			sourceTree = "<group>";
		};
		AC05D6872746CBC600E66E3A /* Products */ = {
			isa = PBXGroup;
			children = (
				AC05D6862746CBC600E66E3A /* Bonfire.app */,
			);
			name = Products;
			sourceTree = "<group>";
		};
		AC05D6882746CBC600E66E3A /* Bonfire */ = {
			isa = PBXGroup;
			children = (
				AC8502A0274B72DE00992A59 /* Controllers */,
				ACB2DDAA2748F47C00CEE895 /* Extras */,
				ACE9279727479D2D00BE06FD /* Storyboard */,
				AC05D6992746CD5700E66E3A /* Assets */,
				AC05D6972746CC8D00E66E3A /* App */,
				AC05D6982746CC9500E66E3A /* Views */,
				AC05D68F2746CBC800E66E3A /* Preview Content */,
			);
			path = Bonfire;
			sourceTree = "<group>";
		};
		AC05D68F2746CBC800E66E3A /* Preview Content */ = {
			isa = PBXGroup;
			children = (
				AC05D6902746CBC800E66E3A /* Preview Assets.xcassets */,
			);
			path = "Preview Content";
			sourceTree = "<group>";
		};
		AC05D6972746CC8D00E66E3A /* App */ = {
			isa = PBXGroup;
			children = (
				AC05D6892746CBC600E66E3A /* BonfireApp.swift */,
			);
			path = App;
			sourceTree = "<group>";
		};
		AC05D6982746CC9500E66E3A /* Views */ = {
			isa = PBXGroup;
			children = (
				ACB2DDAE2748F61B00CEE895 /* Navigation */,
				AC472A322746D0CD00BBFA86 /* Components */,
				AC472A2F2746CE7600BBFA86 /* Screens */,
				AC05D68B2746CBC600E66E3A /* ContentView.swift */,
			);
			path = Views;
			sourceTree = "<group>";
		};
		AC05D6992746CD5700E66E3A /* Assets */ = {
			isa = PBXGroup;
			children = (
				AC05D68D2746CBC800E66E3A /* Assets.xcassets */,
			);
			path = Assets;
			sourceTree = "<group>";
		};
		AC472A2F2746CE7600BBFA86 /* Screens */ = {
			isa = PBXGroup;
			children = (
				ACB2DDB72748F7ED00CEE895 /* AuthScreen.swift */,
				ACB2DDAC2748F58400CEE895 /* SplashScreen.swift */,
				ACB2DDB12748F6CA00CEE895 /* Home.swift */,
				ACB2DDB32748F74000CEE895 /* TripsAndBookings.swift */,
				ACB2DDB52748F7A000CEE895 /* Inbox.swift */,
				ACD5A89A274BB137004742BF /* ChatView.swift */,
				ACD3628B274B8F810067E212 /* ProfileScreen.swift */,
			);
			path = Screens;
			sourceTree = "<group>";
		};
		AC472A322746D0CD00BBFA86 /* Components */ = {
			isa = PBXGroup;
			children = (
				ACEE8280274D14D5002D4587 /* StatusBar.swift */,
				ACB65AE02751095B0073C778 /* SearchBar.swift */,
				AC2494DA2750ADA0003A04DB /* Featured.swift */,
				AC2494D82750A7A7003A04DB /* CategoryRow.swift */,
				AC2494DC2750B2A2003A04DB /* CategoryItem.swift */,
				ACEB0782274BCA1A001AEC0D /* ChatList.swift */,
				AC472A372746E1CB00BBFA86 /* CircleImage.swift */,
				ACE9279C2747A02A00BE06FD /* PrimaryButton.swift */,
				ACE9279E2747A90300BE06FD /* SocialButton.swift */,
				ACB2DDBD2749003100CEE895 /* BackgroundView.swift */,
			);
			path = Components;
			sourceTree = "<group>";
		};
		AC8502A0274B72DE00992A59 /* Controllers */ = {
			isa = PBXGroup;
			children = (
				AC8502A1274B730400992A59 /* StatusBarController.swift */,
			);
			path = Controllers;
			sourceTree = "<group>";
		};
		ACB2DDAA2748F47C00CEE895 /* Extras */ = {
			isa = PBXGroup;
			children = (
				ACB2DDBA2748F97900CEE895 /* CardView.swift */,
				ACE3EBE0274AE0CA00E68588 /* TopBar.swift */,
				ACE927A02747AFD500BE06FD /* MapView.swift */,
				ACE927A22747B05100BE06FD /* MapScreen.swift */,
				AC63B1872748413A003C79D4 /* DestinationScreen.swift */,
				AC472A392746E6BF00BBFA86 /* LoginScreen.swift */,
				AC63B18927484684003C79D4 /* DestinationDetailsScreen.swift */,
			);
			path = Extras;
			sourceTree = "<group>";
		};
		ACB2DDAE2748F61B00CEE895 /* Navigation */ = {
			isa = PBXGroup;
			children = (
				ACEB077A274BC0DC001AEC0D /* BottomTabs.swift */,
			);
			path = Navigation;
			sourceTree = "<group>";
		};
		ACE9279727479D2D00BE06FD /* Storyboard */ = {
			isa = PBXGroup;
			children = (
				ACE9279A27479DCD00BE06FD /* Launch Screen.storyboard */,
			);
			path = Storyboard;
			sourceTree = "<group>";
		};
/* End PBXGroup section */

/* Begin PBXNativeTarget section */
		AC05D6852746CBC600E66E3A /* Bonfire */ = {
			isa = PBXNativeTarget;
			buildConfigurationList = AC05D6942746CBC800E66E3A /* Build configuration list for PBXNativeTarget "Bonfire" */;
			buildPhases = (
				AC05D6822746CBC600E66E3A /* Sources */,
				AC05D6832746CBC600E66E3A /* Frameworks */,
				AC05D6842746CBC600E66E3A /* Resources */,
			);
			buildRules = (
			);
			dependencies = (
			);
			name = Bonfire;
			productName = Bonfire;
			productReference = AC05D6862746CBC600E66E3A /* Bonfire.app */;
			productType = "com.apple.product-type.application";
		};
/* End PBXNativeTarget section */

/* Begin PBXProject section */
		AC05D67E2746CBC600E66E3A /* Project object */ = {
			isa = PBXProject;
			attributes = {
				BuildIndependentTargetsInParallel = 1;
				LastSwiftUpdateCheck = 1300;
				LastUpgradeCheck = 1300;
				TargetAttributes = {
					AC05D6852746CBC600E66E3A = {
						CreatedOnToolsVersion = 13.0;
					};
				};
			};
			buildConfigurationList = AC05D6812746CBC600E66E3A /* Build configuration list for PBXProject "Bonfire" */;
			compatibilityVersion = "Xcode 13.0";
			developmentRegion = en;
			hasScannedForEncodings = 0;
			knownRegions = (
				en,
				Base,
			);
			mainGroup = AC05D67D2746CBC600E66E3A;
			productRefGroup = AC05D6872746CBC600E66E3A /* Products */;
			projectDirPath = "";
			projectRoot = "";
			targets = (
				AC05D6852746CBC600E66E3A /* Bonfire */,
			);
		};
/* End PBXProject section */

/* Begin PBXResourcesBuildPhase section */
		AC05D6842746CBC600E66E3A /* Resources */ = {
			isa = PBXResourcesBuildPhase;
			buildActionMask = 2147483647;
			files = (
				AC05D6912746CBC800E66E3A /* Preview Assets.xcassets in Resources */,
				ACE9279B27479DCD00BE06FD /* Launch Screen.storyboard in Resources */,
				AC05D68E2746CBC800E66E3A /* Assets.xcassets in Resources */,
			);
			runOnlyForDeploymentPostprocessing = 0;
		};
/* End PBXResourcesBuildPhase section */

/* Begin PBXSourcesBuildPhase section */
		AC05D6822746CBC600E66E3A /* Sources */ = {
			isa = PBXSourcesBuildPhase;
			buildActionMask = 2147483647;
			files = (
				ACEB0783274BCA1A001AEC0D /* ChatList.swift in Sources */,
				ACB2DDBE2749003100CEE895 /* BackgroundView.swift in Sources */,
				ACD5A89B274BB137004742BF /* ChatView.swift in Sources */,
				AC63B1882748413A003C79D4 /* DestinationScreen.swift in Sources */,
				AC2494DD2750B2A2003A04DB /* CategoryItem.swift in Sources */,
				ACE927A32747B05100BE06FD /* MapScreen.swift in Sources */,
				ACE9279D2747A02A00BE06FD /* PrimaryButton.swift in Sources */,
				ACB2DDB62748F7A000CEE895 /* Inbox.swift in Sources */,
				ACB2DDB42748F74000CEE895 /* TripsAndBookings.swift in Sources */,
				ACE927A12747AFD500BE06FD /* MapView.swift in Sources */,
				AC05D68C2746CBC600E66E3A /* ContentView.swift in Sources */,
				AC05D68A2746CBC600E66E3A /* BonfireApp.swift in Sources */,
				ACB2DDAD2748F58400CEE895 /* SplashScreen.swift in Sources */,
				AC2494D92750A7A7003A04DB /* CategoryRow.swift in Sources */,
				ACB2DDB22748F6CA00CEE895 /* Home.swift in Sources */,
				AC472A382746E1CB00BBFA86 /* CircleImage.swift in Sources */,
				AC8502A2274B730400992A59 /* StatusBarController.swift in Sources */,
				ACD3628C274B8F810067E212 /* ProfileScreen.swift in Sources */,
				AC63B18A27484684003C79D4 /* DestinationDetailsScreen.swift in Sources */,
				ACEB077B274BC0DC001AEC0D /* BottomTabs.swift in Sources */,
				ACB2DDB82748F7ED00CEE895 /* AuthScreen.swift in Sources */,
				ACB65AE12751095B0073C778 /* SearchBar.swift in Sources */,
				ACE3EBE1274AE0CA00E68588 /* TopBar.swift in Sources */,
				AC472A3A2746E6BF00BBFA86 /* LoginScreen.swift in Sources */,
				ACEE8281274D14D5002D4587 /* StatusBar.swift in Sources */,
				AC2494DB2750ADA0003A04DB /* Featured.swift in Sources */,
				ACB2DDBB2748F97900CEE895 /* CardView.swift in Sources */,
				ACE9279F2747A90300BE06FD /* SocialButton.swift in Sources */,
			);
			runOnlyForDeploymentPostprocessing = 0;
		};
/* End PBXSourcesBuildPhase section */

/* Begin XCBuildConfiguration section */
		AC05D6922746CBC800E66E3A /* Debug */ = {
			isa = XCBuildConfiguration;
			buildSettings = {
				ALWAYS_SEARCH_USER_PATHS = NO;
				CLANG_ANALYZER_NONNULL = YES;
				CLANG_ANALYZER_NUMBER_OBJECT_CONVERSION = YES_AGGRESSIVE;
				CLANG_CXX_LANGUAGE_STANDARD = "gnu++17";
				CLANG_CXX_LIBRARY = "libc++";
				CLANG_ENABLE_MODULES = YES;
				CLANG_ENABLE_OBJC_ARC = YES;
				CLANG_ENABLE_OBJC_WEAK = YES;
				CLANG_WARN_BLOCK_CAPTURE_AUTORELEASING = YES;
				CLANG_WARN_BOOL_CONVERSION = YES;
				CLANG_WARN_COMMA = YES;
				CLANG_WARN_CONSTANT_CONVERSION = YES;
				CLANG_WARN_DEPRECATED_OBJC_IMPLEMENTATIONS = YES;
				CLANG_WARN_DIRECT_OBJC_ISA_USAGE = YES_ERROR;
				CLANG_WARN_DOCUMENTATION_COMMENTS = YES;
				CLANG_WARN_EMPTY_BODY = YES;
				CLANG_WARN_ENUM_CONVERSION = YES;
				CLANG_WARN_INFINITE_RECURSION = YES;
				CLANG_WARN_INT_CONVERSION = YES;
				CLANG_WARN_NON_LITERAL_NULL_CONVERSION = YES;
				CLANG_WARN_OBJC_IMPLICIT_RETAIN_SELF = YES;
				CLANG_WARN_OBJC_LITERAL_CONVERSION = YES;
				CLANG_WARN_OBJC_ROOT_CLASS = YES_ERROR;
				CLANG_WARN_QUOTED_INCLUDE_IN_FRAMEWORK_HEADER = YES;
				CLANG_WARN_RANGE_LOOP_ANALYSIS = YES;
				CLANG_WARN_STRICT_PROTOTYPES = YES;
				CLANG_WARN_SUSPICIOUS_MOVE = YES;
				CLANG_WARN_UNGUARDED_AVAILABILITY = YES_AGGRESSIVE;
				CLANG_WARN_UNREACHABLE_CODE = YES;
				CLANG_WARN__DUPLICATE_METHOD_MATCH = YES;
				COPY_PHASE_STRIP = NO;
				DEBUG_INFORMATION_FORMAT = dwarf;
				ENABLE_STRICT_OBJC_MSGSEND = YES;
				ENABLE_TESTABILITY = YES;
				GCC_C_LANGUAGE_STANDARD = gnu11;
				GCC_DYNAMIC_NO_PIC = NO;
				GCC_NO_COMMON_BLOCKS = YES;
				GCC_OPTIMIZATION_LEVEL = 0;
				GCC_PREPROCESSOR_DEFINITIONS = (
					"DEBUG=1",
					"$(inherited)",
				);
				GCC_WARN_64_TO_32_BIT_CONVERSION = YES;
				GCC_WARN_ABOUT_RETURN_TYPE = YES_ERROR;
				GCC_WARN_UNDECLARED_SELECTOR = YES;
				GCC_WARN_UNINITIALIZED_AUTOS = YES_AGGRESSIVE;
				GCC_WARN_UNUSED_FUNCTION = YES;
				GCC_WARN_UNUSED_VARIABLE = YES;
				IPHONEOS_DEPLOYMENT_TARGET = 15.0;
				MTL_ENABLE_DEBUG_INFO = INCLUDE_SOURCE;
				MTL_FAST_MATH = YES;
				ONLY_ACTIVE_ARCH = YES;
				SDKROOT = iphoneos;
				SWIFT_ACTIVE_COMPILATION_CONDITIONS = DEBUG;
				SWIFT_OPTIMIZATION_LEVEL = "-Onone";
			};
			name = Debug;
		};
		AC05D6932746CBC800E66E3A /* Release */ = {
			isa = XCBuildConfiguration;
			buildSettings = {
				ALWAYS_SEARCH_USER_PATHS = NO;
				CLANG_ANALYZER_NONNULL = YES;
				CLANG_ANALYZER_NUMBER_OBJECT_CONVERSION = YES_AGGRESSIVE;
				CLANG_CXX_LANGUAGE_STANDARD = "gnu++17";
				CLANG_CXX_LIBRARY = "libc++";
				CLANG_ENABLE_MODULES = YES;
				CLANG_ENABLE_OBJC_ARC = YES;
				CLANG_ENABLE_OBJC_WEAK = YES;
				CLANG_WARN_BLOCK_CAPTURE_AUTORELEASING = YES;
				CLANG_WARN_BOOL_CONVERSION = YES;
				CLANG_WARN_COMMA = YES;
				CLANG_WARN_CONSTANT_CONVERSION = YES;
				CLANG_WARN_DEPRECATED_OBJC_IMPLEMENTATIONS = YES;
				CLANG_WARN_DIRECT_OBJC_ISA_USAGE = YES_ERROR;
				CLANG_WARN_DOCUMENTATION_COMMENTS = YES;
				CLANG_WARN_EMPTY_BODY = YES;
				CLANG_WARN_ENUM_CONVERSION = YES;
				CLANG_WARN_INFINITE_RECURSION = YES;
				CLANG_WARN_INT_CONVERSION = YES;
				CLANG_WARN_NON_LITERAL_NULL_CONVERSION = YES;
				CLANG_WARN_OBJC_IMPLICIT_RETAIN_SELF = YES;
				CLANG_WARN_OBJC_LITERAL_CONVERSION = YES;
				CLANG_WARN_OBJC_ROOT_CLASS = YES_ERROR;
				CLANG_WARN_QUOTED_INCLUDE_IN_FRAMEWORK_HEADER = YES;
				CLANG_WARN_RANGE_LOOP_ANALYSIS = YES;
				CLANG_WARN_STRICT_PROTOTYPES = YES;
				CLANG_WARN_SUSPICIOUS_MOVE = YES;
				CLANG_WARN_UNGUARDED_AVAILABILITY = YES_AGGRESSIVE;
				CLANG_WARN_UNREACHABLE_CODE = YES;
				CLANG_WARN__DUPLICATE_METHOD_MATCH = YES;
				COPY_PHASE_STRIP = NO;
				DEBUG_INFORMATION_FORMAT = "dwarf-with-dsym";
				ENABLE_NS_ASSERTIONS = NO;
				ENABLE_STRICT_OBJC_MSGSEND = YES;
				GCC_C_LANGUAGE_STANDARD = gnu11;
				GCC_NO_COMMON_BLOCKS = YES;
				GCC_WARN_64_TO_32_BIT_CONVERSION = YES;
				GCC_WARN_ABOUT_RETURN_TYPE = YES_ERROR;
				GCC_WARN_UNDECLARED_SELECTOR = YES;
				GCC_WARN_UNINITIALIZED_AUTOS = YES_AGGRESSIVE;
				GCC_WARN_UNUSED_FUNCTION = YES;
				GCC_WARN_UNUSED_VARIABLE = YES;
				IPHONEOS_DEPLOYMENT_TARGET = 15.0;
				MTL_ENABLE_DEBUG_INFO = NO;
				MTL_FAST_MATH = YES;
				SDKROOT = iphoneos;
				SWIFT_COMPILATION_MODE = wholemodule;
				SWIFT_OPTIMIZATION_LEVEL = "-O";
				VALIDATE_PRODUCT = YES;
			};
			name = Release;
		};
		AC05D6952746CBC800E66E3A /* Debug */ = {
			isa = XCBuildConfiguration;
			buildSettings = {
				ASSETCATALOG_COMPILER_APPICON_NAME = AppIcon;
				ASSETCATALOG_COMPILER_GLOBAL_ACCENT_COLOR_NAME = AccentColor;
				CODE_SIGN_STYLE = Automatic;
				CURRENT_PROJECT_VERSION = 1;
				DEVELOPMENT_ASSET_PATHS = "\"Bonfire/Preview Content\"";
				ENABLE_PREVIEWS = YES;
				GENERATE_INFOPLIST_FILE = YES;
				INFOPLIST_KEY_UIApplicationSceneManifest_Generation = YES;
				INFOPLIST_KEY_UIApplicationSupportsIndirectInputEvents = YES;
				INFOPLIST_KEY_UILaunchScreen_Generation = YES;
				INFOPLIST_KEY_UISupportedInterfaceOrientations_iPad = "UIInterfaceOrientationPortrait UIInterfaceOrientationPortraitUpsideDown UIInterfaceOrientationLandscapeLeft UIInterfaceOrientationLandscapeRight";
				INFOPLIST_KEY_UISupportedInterfaceOrientations_iPhone = "UIInterfaceOrientationPortrait UIInterfaceOrientationLandscapeLeft UIInterfaceOrientationLandscapeRight";
				IPHONEOS_DEPLOYMENT_TARGET = 14.0;
				LD_RUNPATH_SEARCH_PATHS = (
					"$(inherited)",
					"@executable_path/Frameworks",
				);
				MARKETING_VERSION = 1.0;
				PRODUCT_BUNDLE_IDENTIFIER = Bonfire.Bonfire;
				PRODUCT_NAME = "$(TARGET_NAME)";
				SWIFT_EMIT_LOC_STRINGS = YES;
				SWIFT_VERSION = 5.0;
				TARGETED_DEVICE_FAMILY = "1,2";
			};
			name = Debug;
		};
		AC05D6962746CBC800E66E3A /* Release */ = {
			isa = XCBuildConfiguration;
			buildSettings = {
				ASSETCATALOG_COMPILER_APPICON_NAME = AppIcon;
				ASSETCATALOG_COMPILER_GLOBAL_ACCENT_COLOR_NAME = AccentColor;
				CODE_SIGN_STYLE = Automatic;
				CURRENT_PROJECT_VERSION = 1;
				DEVELOPMENT_ASSET_PATHS = "\"Bonfire/Preview Content\"";
				ENABLE_PREVIEWS = YES;
				GENERATE_INFOPLIST_FILE = YES;
				INFOPLIST_KEY_UIApplicationSceneManifest_Generation = YES;
				INFOPLIST_KEY_UIApplicationSupportsIndirectInputEvents = YES;
				INFOPLIST_KEY_UILaunchScreen_Generation = YES;
				INFOPLIST_KEY_UISupportedInterfaceOrientations_iPad = "UIInterfaceOrientationPortrait UIInterfaceOrientationPortraitUpsideDown UIInterfaceOrientationLandscapeLeft UIInterfaceOrientationLandscapeRight";
				INFOPLIST_KEY_UISupportedInterfaceOrientations_iPhone = "UIInterfaceOrientationPortrait UIInterfaceOrientationLandscapeLeft UIInterfaceOrientationLandscapeRight";
				IPHONEOS_DEPLOYMENT_TARGET = 14.0;
				LD_RUNPATH_SEARCH_PATHS = (
					"$(inherited)",
					"@executable_path/Frameworks",
				);
				MARKETING_VERSION = 1.0;
				PRODUCT_BUNDLE_IDENTIFIER = Bonfire.Bonfire;
				PRODUCT_NAME = "$(TARGET_NAME)";
				SWIFT_EMIT_LOC_STRINGS = YES;
				SWIFT_VERSION = 5.0;
				TARGETED_DEVICE_FAMILY = "1,2";
			};
			name = Release;
		};
/* End XCBuildConfiguration section */

/* Begin XCConfigurationList section */
		AC05D6812746CBC600E66E3A /* Build configuration list for PBXProject "Bonfire" */ = {
			isa = XCConfigurationList;
			buildConfigurations = (
				AC05D6922746CBC800E66E3A /* Debug */,
				AC05D6932746CBC800E66E3A /* Release */,
			);
			defaultConfigurationIsVisible = 0;
			defaultConfigurationName = Release;
		};
		AC05D6942746CBC800E66E3A /* Build configuration list for PBXNativeTarget "Bonfire" */ = {
			isa = XCConfigurationList;
			buildConfigurations = (
				AC05D6952746CBC800E66E3A /* Debug */,
				AC05D6962746CBC800E66E3A /* Release */,
			);
			defaultConfigurationIsVisible = 0;
			defaultConfigurationName = Release;
		};
/* End XCConfigurationList section */
	};
	rootObject = AC05D67E2746CBC600E66E3A /* Project object */;
}
